{
    "_readme": [
        "This file locks the dependencies of your project to a known state",
        "Read more about it at https://getcomposer.org/doc/01-basic-usage.md#composer-lock-the-lock-file",
        "This file is @generated automatically"
    ],
    "content-hash": "007a08c8f8fa00bbb44f77f81f514620",
    "packages": [
        {
            "name": "composer/installers",
            "version": "v1.2.0",
            "source": {
                "type": "git",
                "url": "https://github.com/composer/installers.git",
                "reference": "d78064c68299743e0161004f2de3a0204e33b804"
            },
            "dist": {
                "type": "zip",
                "url": "https://api.github.com/repos/composer/installers/zipball/d78064c68299743e0161004f2de3a0204e33b804",
                "reference": "d78064c68299743e0161004f2de3a0204e33b804",
                "shasum": ""
            },
            "require": {
                "composer-plugin-api": "^1.0"
            },
            "replace": {
                "roundcube/plugin-installer": "*",
                "shama/baton": "*"
            },
            "require-dev": {
                "composer/composer": "1.0.*@dev",
                "phpunit/phpunit": "4.1.*"
            },
            "type": "composer-plugin",
            "extra": {
                "class": "Composer\\Installers\\Plugin",
                "branch-alias": {
                    "dev-master": "1.0-dev"
                }
            },
            "autoload": {
                "psr-4": {
                    "Composer\\Installers\\": "src/Composer/Installers"
                }
            },
            "notification-url": "https://packagist.org/downloads/",
            "license": [
                "MIT"
            ],
            "authors": [
                {
                    "name": "Kyle Robinson Young",
                    "email": "kyle@dontkry.com",
                    "homepage": "https://github.com/shama"
                }
            ],
            "description": "A multi-framework Composer library installer",
            "homepage": "https://composer.github.io/installers/",
            "keywords": [
                "Craft",
                "Dolibarr",
                "Hurad",
                "ImageCMS",
                "MODX Evo",
                "Mautic",
                "OXID",
                "Plentymarkets",
                "RadPHP",
                "SMF",
                "Thelia",
                "WolfCMS",
                "agl",
                "aimeos",
                "annotatecms",
                "attogram",
                "bitrix",
                "cakephp",
                "chef",
                "cockpit",
                "codeigniter",
                "concrete5",
                "croogo",
                "dokuwiki",
                "drupal",
                "elgg",
                "expressionengine",
                "fuelphp",
                "grav",
                "installer",
                "joomla",
                "kohana",
                "laravel",
                "lithium",
                "magento",
                "mako",
                "mediawiki",
                "modulework",
                "moodle",
                "phpbb",
                "piwik",
                "ppi",
                "puppet",
                "reindex",
                "roundcube",
                "shopware",
                "silverstripe",
                "symfony",
                "typo3",
                "wordpress",
                "yawik",
                "zend",
                "zikula"
            ],
            "time": "2016-08-13T20:53:52+00:00"
        },
        {
            "name": "stripe/stripe-php",
            "version": "v4.9.1",
            "source": {
                "type": "git",
                "url": "https://github.com/stripe/stripe-php.git",
                "reference": "1ce201a9fb8bda96e87789f4cd952518f37b88e0"
            },
            "dist": {
                "type": "zip",
                "url": "https://api.github.com/repos/stripe/stripe-php/zipball/1ce201a9fb8bda96e87789f4cd952518f37b88e0",
                "reference": "1ce201a9fb8bda96e87789f4cd952518f37b88e0",
                "shasum": ""
            },
            "require": {
                "ext-curl": "*",
                "ext-json": "*",
                "ext-mbstring": "*",
                "php": ">=5.3.3"
            },
            "require-dev": {
                "phpunit/phpunit": "~4.0",
                "satooshi/php-coveralls": "~0.6.1",
                "squizlabs/php_codesniffer": "~2.0"
            },
            "type": "library",
            "extra": {
                "branch-alias": {
                    "dev-master": "2.0-dev"
                }
            },
            "autoload": {
                "psr-4": {
                    "Stripe\\": "lib/"
                }
            },
            "notification-url": "https://packagist.org/downloads/",
            "license": [
                "MIT"
            ],
            "authors": [
                {
                    "name": "Stripe and contributors",
                    "homepage": "https://github.com/stripe/stripe-php/contributors"
                }
            ],
            "description": "Stripe PHP Library",
            "homepage": "https://stripe.com/",
            "keywords": [
                "api",
                "payment processing",
                "stripe"
            ],
            "time": "2017-05-10T18:53:00+00:00"
        }
    ],
    "packages-dev": [
        {
            "name": "squizlabs/php_codesniffer",
            "version": "3.2.2",
            "source": {
                "type": "git",
                "url": "https://github.com/squizlabs/PHP_CodeSniffer.git",
                "reference": "d7c00c3000ac0ce79c96fcbfef86b49a71158cd1"
            },
            "dist": {
                "type": "zip",
                "url": "https://api.github.com/repos/squizlabs/PHP_CodeSniffer/zipball/d7c00c3000ac0ce79c96fcbfef86b49a71158cd1",
                "reference": "d7c00c3000ac0ce79c96fcbfef86b49a71158cd1",
                "shasum": ""
            },
            "require": {
                "ext-simplexml": "*",
                "ext-tokenizer": "*",
                "ext-xmlwriter": "*",
                "php": ">=5.4.0"
            },
            "require-dev": {
                "phpunit/phpunit": "^4.0 || ^5.0 || ^6.0"
            },
            "bin": [
                "bin/phpcs",
                "bin/phpcbf"
            ],
            "type": "library",
            "extra": {
                "branch-alias": {
                    "dev-master": "3.x-dev"
                }
            },
            "notification-url": "https://packagist.org/downloads/",
            "license": [
                "BSD-3-Clause"
            ],
            "authors": [
                {
                    "name": "Greg Sherwood",
                    "role": "lead"
                }
            ],
            "description": "PHP_CodeSniffer tokenizes PHP, JavaScript and CSS files and detects violations of a defined set of coding standards.",
            "homepage": "http://www.squizlabs.com/php-codesniffer",
            "keywords": [
                "phpcs",
                "standards"
            ],
            "time": "2017-12-19T21:44:46+00:00"
        },
        {
            "name": "viison/composer-git-hooks-installer-plugin",
            "version": "1.3.0",
            "source": {
                "type": "git",
                "url": "https://github.com/VIISON/composer-git-hooks-installer-plugin.git",
                "reference": "33091a2533fc480da0aefbaafe54f211c08a79b2"
            },
            "dist": {
                "type": "zip",
                "url": "https://api.github.com/repos/VIISON/composer-git-hooks-installer-plugin/zipball/33091a2533fc480da0aefbaafe54f211c08a79b2",
                "reference": "33091a2533fc480da0aefbaafe54f211c08a79b2",
                "shasum": ""
            },
            "require": {
                "composer-plugin-api": "^1.0"
            },
            "require-dev": {
                "composer/composer": "^1.3"
            },
            "type": "composer-plugin",
            "extra": {
                "class": "VIISON\\Composer\\GitHooksInstallerPlugin"
            },
            "autoload": {
                "psr-4": {
                    "VIISON\\Composer\\": "src/"
                }
            },
            "support": {
                "source": "https://github.com/VIISON/composer-git-hooks-installer-plugin/tree/1.3.0",
                "issues": "https://github.com/VIISON/composer-git-hooks-installer-plugin/issues"
            },
            "time": "2017-07-21T14:29:37+00:00"
        },
        {
            "name": "viison/style-guide",
            "version": "4.0.0",
            "source": {
                "type": "git",
                "url": "https://github.com/VIISON/style-guide.git",
                "reference": "1362115ce94fab3044adad33a97e9bcd0346d29a"
            },
            "dist": {
                "type": "zip",
                "url": "https://api.github.com/repos/VIISON/style-guide/zipball/1362115ce94fab3044adad33a97e9bcd0346d29a",
                "reference": "1362115ce94fab3044adad33a97e9bcd0346d29a",
                "shasum": ""
            },
            "require": {
                "php": ">=5.4.0",
                "squizlabs/php_codesniffer": "^3.2",
                "viison/composer-git-hooks-installer-plugin": "^1.3"
            },
            "type": "viison-git-hooks",
            "extra": {
                "available-viison-git-hooks": {
                    "shopware-plugin": "git-hooks/shopware-plugin/"
                }
            },
            "scripts": {
                "phpcs": [
                    "vendor/bin/phpcs -s -n ."
                ],
                "phpcs:fix": [
                    "vendor/bin/phpcbf -s -n ."
                ],
                "phplint": [
                    "echo \"Linting all PHP files...\"; LINT_RETURN=0; for FILE in $(find . -regex \".*\\.php\" -not -path \"./vendor/*\"); do if ! php -l \"$FILE\"; then LINT_RETURN=1; fi; done; exit $LINT_RETURN;"
                ]
            },
            "support": {
                "source": "https://github.com/VIISON/style-guide/tree/master",
                "issues": "https://github.com/VIISON/style-guide/issues"
            },
            "time": "2018-07-26T15:17:16+00:00"
        }
    ],
    "aliases": [],
    "minimum-stability": "stable",
    "stability-flags": [],
    "prefer-stable": false,
    "prefer-lowest": false,
    "platform": {
        "php": ">=5.4.0"
    },
    "platform-dev": []
}
